Microsoft Visual Studio Solution File, Format Version 12.00
# Visual Studio Version 17
VisualStudioVersion = 17.5.2.0
MinimumVisualStudioVersion = 10.0.40219.1
Project("{2150E333-8FDC-42A3-9474-1A3956D46DE8}") = "tests", "tests", "{0AB3BF05-4346-4AA6-1389-037BE0695223}"
EndProject
Project("{2150E333-8FDC-42A3-9474-1A3956D46DE8}") = "src", "src", "{827E0CD3-B72D-47B6-A68D-7590B98EB39B}"
EndProject
Project("{FAE04EC0-301F-11D3-BF4B-00C04F79EFBC}") = "Datosphere.Tests", "tests\Datosphere.Tests\Datosphere.Tests.csproj", "{3CEF8FD9-9BC8-0B03-AD36-7047FC5F0701}"
EndProject
Project("{2150E333-8FDC-42A3-9474-1A3956D46DE8}") = "execs", "execs", "{75B2686D-86F4-889B-D4BD-8ADDD98120D8}"
EndProject
Project("{FAE04EC0-301F-11D3-BF4B-00C04F79EFBC}") = "Datosphere.Web.Api", "src\execs\Datosphere.Web.Api\Datosphere.Web.Api.csproj", "{224A3840-B8DC-77AF-36A8-D640B2A424E2}"
EndProject
Project("{2150E333-8FDC-42A3-9474-1A3956D46DE8}") = "libs", "libs", "{E431C0EF-0A07-9D2C-3EA9-2C750D5184D2}"
EndProject
Project("{FAE04EC0-301F-11D3-BF4B-00C04F79EFBC}") = "Datosphere", "src\libs\Datosphere\Datosphere.csproj", "{772DBC3F-F6E1-6D07-5332-7479DDCF8351}"
EndProject
Project("{FAE04EC0-301F-11D3-BF4B-00C04F79EFBC}") = "Datosphere.Web.Common", "src\libs\Datosphere.Web.Common\Datosphere.Web.Common.csproj", "{0AF3F4BA-B413-91D7-2BC4-B37468AA022A}"
EndProject
Project("{FAE04EC0-301F-11D3-BF4B-00C04F79EFBC}") = "Datosphere.Infrastructure", "src\libs\Datosphere.Infrastructure\Datosphere.Infrastructure.csproj", "{61BDDA6E-6F15-D825-C85D-323B1A1E3637}"
EndProject
Project("{FAE04EC0-301F-11D3-BF4B-00C04F79EFBC}") = "Datosphere.DataServer.Core", "src\libs\Datosphere.DataServer.Core\Datosphere.DataServer.Core.csproj", "{ABF16FF0-204B-40D6-AB10-AE3C64A0CC9A}"
EndProject
Project("{FAE04EC0-301F-11D3-BF4B-00C04F79EFBC}") = "Datosphere.Protos", "src\libs\Datosphere.Protos\Datosphere.Protos.csproj", "{2CAA360D-A123-43C4-A86D-8D057EBDFF24}"
EndProject
Project("{FAE04EC0-301F-11D3-BF4B-00C04F79EFBC}") = "Datosphere.DataServer.Grpc", "src\execs\Datosphere.DataServer.Grpc\Datosphere.DataServer.Grpc.csproj", "{EDB76F67-ABB2-4773-948C-E6A89F6974C7}"
EndProject
Global
	GlobalSection(SolutionConfigurationPlatforms) = preSolution
		Debug|Any CPU = Debug|Any CPU
		Release|Any CPU = Release|Any CPU
	EndGlobalSection
	GlobalSection(ProjectConfigurationPlatforms) = postSolution
		{3CEF8FD9-9BC8-0B03-AD36-7047FC5F0701}.Debug|Any CPU.ActiveCfg = Debug|Any CPU
		{3CEF8FD9-9BC8-0B03-AD36-7047FC5F0701}.Debug|Any CPU.Build.0 = Debug|Any CPU
		{3CEF8FD9-9BC8-0B03-AD36-7047FC5F0701}.Release|Any CPU.ActiveCfg = Release|Any CPU
		{3CEF8FD9-9BC8-0B03-AD36-7047FC5F0701}.Release|Any CPU.Build.0 = Release|Any CPU
		{224A3840-B8DC-77AF-36A8-D640B2A424E2}.Debug|Any CPU.ActiveCfg = Debug|Any CPU
		{224A3840-B8DC-77AF-36A8-D640B2A424E2}.Debug|Any CPU.Build.0 = Debug|Any CPU
		{224A3840-B8DC-77AF-36A8-D640B2A424E2}.Release|Any CPU.ActiveCfg = Release|Any CPU
		{224A3840-B8DC-77AF-36A8-D640B2A424E2}.Release|Any CPU.Build.0 = Release|Any CPU
		{772DBC3F-F6E1-6D07-5332-7479DDCF8351}.Debug|Any CPU.ActiveCfg = Debug|Any CPU
		{772DBC3F-F6E1-6D07-5332-7479DDCF8351}.Debug|Any CPU.Build.0 = Debug|Any CPU
		{772DBC3F-F6E1-6D07-5332-7479DDCF8351}.Release|Any CPU.ActiveCfg = Release|Any CPU
		{772DBC3F-F6E1-6D07-5332-7479DDCF8351}.Release|Any CPU.Build.0 = Release|Any CPU
		{0AF3F4BA-B413-91D7-2BC4-B37468AA022A}.Debug|Any CPU.ActiveCfg = Debug|Any CPU
		{0AF3F4BA-B413-91D7-2BC4-B37468AA022A}.Debug|Any CPU.Build.0 = Debug|Any CPU
		{0AF3F4BA-B413-91D7-2BC4-B37468AA022A}.Release|Any CPU.ActiveCfg = Release|Any CPU
		{0AF3F4BA-B413-91D7-2BC4-B37468AA022A}.Release|Any CPU.Build.0 = Release|Any CPU
		{61BDDA6E-6F15-D825-C85D-323B1A1E3637}.Debug|Any CPU.ActiveCfg = Debug|Any CPU
		{61BDDA6E-6F15-D825-C85D-323B1A1E3637}.Debug|Any CPU.Build.0 = Debug|Any CPU
		{61BDDA6E-6F15-D825-C85D-323B1A1E3637}.Release|Any CPU.ActiveCfg = Release|Any CPU
		{61BDDA6E-6F15-D825-C85D-323B1A1E3637}.Release|Any CPU.Build.0 = Release|Any CPU
		{ABF16FF0-204B-40D6-AB10-AE3C64A0CC9A}.Debug|Any CPU.ActiveCfg = Debug|Any CPU
		{ABF16FF0-204B-40D6-AB10-AE3C64A0CC9A}.Debug|Any CPU.Build.0 = Debug|Any CPU
		{ABF16FF0-204B-40D6-AB10-AE3C64A0CC9A}.Release|Any CPU.ActiveCfg = Release|Any CPU
		{ABF16FF0-204B-40D6-AB10-AE3C64A0CC9A}.Release|Any CPU.Build.0 = Release|Any CPU
		{2CAA360D-A123-43C4-A86D-8D057EBDFF24}.Debug|Any CPU.ActiveCfg = Debug|Any CPU
		{2CAA360D-A123-43C4-A86D-8D057EBDFF24}.Debug|Any CPU.Build.0 = Debug|Any CPU
		{2CAA360D-A123-43C4-A86D-8D057EBDFF24}.Release|Any CPU.ActiveCfg = Release|Any CPU
		{2CAA360D-A123-43C4-A86D-8D057EBDFF24}.Release|Any CPU.Build.0 = Release|Any CPU
		{EDB76F67-ABB2-4773-948C-E6A89F6974C7}.Debug|Any CPU.ActiveCfg = Debug|Any CPU
		{EDB76F67-ABB2-4773-948C-E6A89F6974C7}.Debug|Any CPU.Build.0 = Debug|Any CPU
		{EDB76F67-ABB2-4773-948C-E6A89F6974C7}.Release|Any CPU.ActiveCfg = Release|Any CPU
		{EDB76F67-ABB2-4773-948C-E6A89F6974C7}.Release|Any CPU.Build.0 = Release|Any CPU
	EndGlobalSection
	GlobalSection(SolutionProperties) = preSolution
		HideSolutionNode = FALSE
	EndGlobalSection
	GlobalSection(NestedProjects) = preSolution
		{3CEF8FD9-9BC8-0B03-AD36-7047FC5F0701} = {0AB3BF05-4346-4AA6-1389-037BE0695223}
		{75B2686D-86F4-889B-D4BD-8ADDD98120D8} = {827E0CD3-B72D-47B6-A68D-7590B98EB39B}
		{224A3840-B8DC-77AF-36A8-D640B2A424E2} = {75B2686D-86F4-889B-D4BD-8ADDD98120D8}
		{E431C0EF-0A07-9D2C-3EA9-2C750D5184D2} = {827E0CD3-B72D-47B6-A68D-7590B98EB39B}
		{772DBC3F-F6E1-6D07-5332-7479DDCF8351} = {E431C0EF-0A07-9D2C-3EA9-2C750D5184D2}
		{0AF3F4BA-B413-91D7-2BC4-B37468AA022A} = {E431C0EF-0A07-9D2C-3EA9-2C750D5184D2}
		{61BDDA6E-6F15-D825-C85D-323B1A1E3637} = {E431C0EF-0A07-9D2C-3EA9-2C750D5184D2}
		{ABF16FF0-204B-40D6-AB10-AE3C64A0CC9A} = {E431C0EF-0A07-9D2C-3EA9-2C750D5184D2}
		{2CAA360D-A123-43C4-A86D-8D057EBDFF24} = {E431C0EF-0A07-9D2C-3EA9-2C750D5184D2}
		{EDB76F67-ABB2-4773-948C-E6A89F6974C7} = {75B2686D-86F4-889B-D4BD-8ADDD98120D8}
	EndGlobalSection
	GlobalSection(ExtensibilityGlobals) = postSolution
		SolutionGuid = {5E7A1A46-EBD2-43C8-BEF4-5D4866F320CC}
	EndGlobalSection
EndGlobal
