Microsoft Visual Studio Solution File, Format Version 12.00
# Visual Studio Version 17
VisualStudioVersion = 17.5.2.0
MinimumVisualStudioVersion = 10.0.40219.1
Project("{2150E333-8FDC-42A3-9474-1A3956D46DE8}") = "Shared", "Shared", "{4F52FD11-658E-A102-6CD3-7D7C16FFA15B}"
EndProject
Project("{2150E333-8FDC-42A3-9474-1A3956D46DE8}") = "App", "App", "{F95F473B-E98A-ACD6-1986-755F447BE36F}"
EndProject
Project("{2150E333-8FDC-42A3-9474-1A3956D46DE8}") = "Data", "Data", "{015FE221-96B2-289B-A0E8-6E7354784A75}"
EndProject
Project("{2150E333-8FDC-42A3-9474-1A3956D46DE8}") = "src", "src", "{8535BA8F-DF9C-A316-7699-3D0137456E7C}"
EndProject
Project("{FAE04EC0-301F-11D3-BF4B-00C04F79EFBC}") = "Datosphere.Grpc.Data.Client", "Shared\src\Datosphere.Grpc.Data.Client\Datosphere.Grpc.Data.Client.csproj", "{E66D0F6A-0599-195B-390F-2BA00B840AE3}"
EndProject
Project("{FAE04EC0-301F-11D3-BF4B-00C04F79EFBC}") = "Datosphere.Grpc.Data.Server", "Shared\src\Datosphere.Grpc.Data.Server\Datosphere.Grpc.Data.Server.csproj", "{7DCDDC20-EE76-C5D4-2BF0-62F1E4C8425E}"
EndProject
Project("{2150E333-8FDC-42A3-9474-1A3956D46DE8}") = "tests", "tests", "{C7448C1F-1999-A9D7-09F5-F2CD86B98F7A}"
EndProject
Project("{FAE04EC0-301F-11D3-BF4B-00C04F79EFBC}") = "Datosphere.Tests", "App\tests\Datosphere.Tests\Datosphere.Tests.csproj", "{F458601E-F2DA-8E54-8D6A-20E27C2B9A40}"
EndProject
Project("{2150E333-8FDC-42A3-9474-1A3956D46DE8}") = "src", "src", "{C46823FC-942A-1FCC-CF24-8E351A967A5B}"
EndProject
Project("{2150E333-8FDC-42A3-9474-1A3956D46DE8}") = "execs", "execs", "{5F08B1F8-8E2C-7843-2EFA-70767F58AB22}"
EndProject
Project("{FAE04EC0-301F-11D3-BF4B-00C04F79EFBC}") = "Datosphere.DataServer.Grpc", "Data\src\execs\Datosphere.DataServer.Grpc\Datosphere.DataServer.Grpc.csproj", "{D20D0044-6CFB-6440-8AB2-8D112E085946}"
EndProject
Project("{2150E333-8FDC-42A3-9474-1A3956D46DE8}") = "libs", "libs", "{B0311185-3E2F-E31E-49DA-100384499B0D}"
EndProject
Project("{FAE04EC0-301F-11D3-BF4B-00C04F79EFBC}") = "Datosphere.DataServer.Core", "Data\src\libs\Datosphere.DataServer.Core\Datosphere.DataServer.Core.csproj", "{A010E7F0-17A1-22F6-DB07-0CBA60FA17A6}"
EndProject
Project("{2150E333-8FDC-42A3-9474-1A3956D46DE8}") = "src", "src", "{AF4CEEC4-771E-8C17-9355-F760DB50FB88}"
EndProject
Project("{2150E333-8FDC-42A3-9474-1A3956D46DE8}") = "execs", "execs", "{24FCD4C8-9195-196E-04CB-8DD2EEE20BC3}"
EndProject
Project("{FAE04EC0-301F-11D3-BF4B-00C04F79EFBC}") = "Datosphere.Web.Api", "App\src\execs\Datosphere.Web.Api\Datosphere.Web.Api.csproj", "{434A8767-15E3-6B8A-A773-CFD8E3E4A353}"
EndProject
Project("{2150E333-8FDC-42A3-9474-1A3956D46DE8}") = "libs", "libs", "{C2D20A1E-3F5F-F27A-1003-6AEAFEE9D120}"
EndProject
Project("{FAE04EC0-301F-11D3-BF4B-00C04F79EFBC}") = "Datosphere", "App\src\libs\Datosphere\Datosphere.csproj", "{343C33B6-079B-6291-14C2-94438A2EA268}"
EndProject
Project("{FAE04EC0-301F-11D3-BF4B-00C04F79EFBC}") = "Datosphere.Web.Common", "App\src\libs\Datosphere.Web.Common\Datosphere.Web.Common.csproj", "{878E90BB-7972-EB94-77B2-631AEB32735C}"
EndProject
Project("{FAE04EC0-301F-11D3-BF4B-00C04F79EFBC}") = "Datosphere.Infrastructure", "App\src\libs\Datosphere.Infrastructure\Datosphere.Infrastructure.csproj", "{3AC4C6E0-7A30-D026-E5DA-BE6D6966F55A}"
EndProject
Global
	GlobalSection(SolutionConfigurationPlatforms) = preSolution
		Debug|Any CPU = Debug|Any CPU
		Release|Any CPU = Release|Any CPU
	EndGlobalSection
	GlobalSection(ProjectConfigurationPlatforms) = postSolution
		{E66D0F6A-0599-195B-390F-2BA00B840AE3}.Debug|Any CPU.ActiveCfg = Debug|Any CPU
		{E66D0F6A-0599-195B-390F-2BA00B840AE3}.Debug|Any CPU.Build.0 = Debug|Any CPU
		{E66D0F6A-0599-195B-390F-2BA00B840AE3}.Release|Any CPU.ActiveCfg = Release|Any CPU
		{E66D0F6A-0599-195B-390F-2BA00B840AE3}.Release|Any CPU.Build.0 = Release|Any CPU
		{7DCDDC20-EE76-C5D4-2BF0-62F1E4C8425E}.Debug|Any CPU.ActiveCfg = Debug|Any CPU
		{7DCDDC20-EE76-C5D4-2BF0-62F1E4C8425E}.Debug|Any CPU.Build.0 = Debug|Any CPU
		{7DCDDC20-EE76-C5D4-2BF0-62F1E4C8425E}.Release|Any CPU.ActiveCfg = Release|Any CPU
		{7DCDDC20-EE76-C5D4-2BF0-62F1E4C8425E}.Release|Any CPU.Build.0 = Release|Any CPU
		{F458601E-F2DA-8E54-8D6A-20E27C2B9A40}.Debug|Any CPU.ActiveCfg = Debug|Any CPU
		{F458601E-F2DA-8E54-8D6A-20E27C2B9A40}.Debug|Any CPU.Build.0 = Debug|Any CPU
		{F458601E-F2DA-8E54-8D6A-20E27C2B9A40}.Release|Any CPU.ActiveCfg = Release|Any CPU
		{F458601E-F2DA-8E54-8D6A-20E27C2B9A40}.Release|Any CPU.Build.0 = Release|Any CPU
		{D20D0044-6CFB-6440-8AB2-8D112E085946}.Debug|Any CPU.ActiveCfg = Debug|Any CPU
		{D20D0044-6CFB-6440-8AB2-8D112E085946}.Debug|Any CPU.Build.0 = Debug|Any CPU
		{D20D0044-6CFB-6440-8AB2-8D112E085946}.Release|Any CPU.ActiveCfg = Release|Any CPU
		{D20D0044-6CFB-6440-8AB2-8D112E085946}.Release|Any CPU.Build.0 = Release|Any CPU
		{A010E7F0-17A1-22F6-DB07-0CBA60FA17A6}.Debug|Any CPU.ActiveCfg = Debug|Any CPU
		{A010E7F0-17A1-22F6-DB07-0CBA60FA17A6}.Debug|Any CPU.Build.0 = Debug|Any CPU
		{A010E7F0-17A1-22F6-DB07-0CBA60FA17A6}.Release|Any CPU.ActiveCfg = Release|Any CPU
		{A010E7F0-17A1-22F6-DB07-0CBA60FA17A6}.Release|Any CPU.Build.0 = Release|Any CPU
		{434A8767-15E3-6B8A-A773-CFD8E3E4A353}.Debug|Any CPU.ActiveCfg = Debug|Any CPU
		{434A8767-15E3-6B8A-A773-CFD8E3E4A353}.Debug|Any CPU.Build.0 = Debug|Any CPU
		{434A8767-15E3-6B8A-A773-CFD8E3E4A353}.Release|Any CPU.ActiveCfg = Release|Any CPU
		{434A8767-15E3-6B8A-A773-CFD8E3E4A353}.Release|Any CPU.Build.0 = Release|Any CPU
		{343C33B6-079B-6291-14C2-94438A2EA268}.Debug|Any CPU.ActiveCfg = Debug|Any CPU
		{343C33B6-079B-6291-14C2-94438A2EA268}.Debug|Any CPU.Build.0 = Debug|Any CPU
		{343C33B6-079B-6291-14C2-94438A2EA268}.Release|Any CPU.ActiveCfg = Release|Any CPU
		{343C33B6-079B-6291-14C2-94438A2EA268}.Release|Any CPU.Build.0 = Release|Any CPU
		{878E90BB-7972-EB94-77B2-631AEB32735C}.Debug|Any CPU.ActiveCfg = Debug|Any CPU
		{878E90BB-7972-EB94-77B2-631AEB32735C}.Debug|Any CPU.Build.0 = Debug|Any CPU
		{878E90BB-7972-EB94-77B2-631AEB32735C}.Release|Any CPU.ActiveCfg = Release|Any CPU
		{878E90BB-7972-EB94-77B2-631AEB32735C}.Release|Any CPU.Build.0 = Release|Any CPU
		{3AC4C6E0-7A30-D026-E5DA-BE6D6966F55A}.Debug|Any CPU.ActiveCfg = Debug|Any CPU
		{3AC4C6E0-7A30-D026-E5DA-BE6D6966F55A}.Debug|Any CPU.Build.0 = Debug|Any CPU
		{3AC4C6E0-7A30-D026-E5DA-BE6D6966F55A}.Release|Any CPU.ActiveCfg = Release|Any CPU
		{3AC4C6E0-7A30-D026-E5DA-BE6D6966F55A}.Release|Any CPU.Build.0 = Release|Any CPU
	EndGlobalSection
	GlobalSection(SolutionProperties) = preSolution
		HideSolutionNode = FALSE
	EndGlobalSection
	GlobalSection(NestedProjects) = preSolution
		{8535BA8F-DF9C-A316-7699-3D0137456E7C} = {4F52FD11-658E-A102-6CD3-7D7C16FFA15B}
		{E66D0F6A-0599-195B-390F-2BA00B840AE3} = {8535BA8F-DF9C-A316-7699-3D0137456E7C}
		{7DCDDC20-EE76-C5D4-2BF0-62F1E4C8425E} = {8535BA8F-DF9C-A316-7699-3D0137456E7C}
		{C7448C1F-1999-A9D7-09F5-F2CD86B98F7A} = {F95F473B-E98A-ACD6-1986-755F447BE36F}
		{F458601E-F2DA-8E54-8D6A-20E27C2B9A40} = {C7448C1F-1999-A9D7-09F5-F2CD86B98F7A}
		{C46823FC-942A-1FCC-CF24-8E351A967A5B} = {015FE221-96B2-289B-A0E8-6E7354784A75}
		{5F08B1F8-8E2C-7843-2EFA-70767F58AB22} = {C46823FC-942A-1FCC-CF24-8E351A967A5B}
		{D20D0044-6CFB-6440-8AB2-8D112E085946} = {5F08B1F8-8E2C-7843-2EFA-70767F58AB22}
		{B0311185-3E2F-E31E-49DA-100384499B0D} = {C46823FC-942A-1FCC-CF24-8E351A967A5B}
		{A010E7F0-17A1-22F6-DB07-0CBA60FA17A6} = {B0311185-3E2F-E31E-49DA-100384499B0D}
		{AF4CEEC4-771E-8C17-9355-F760DB50FB88} = {F95F473B-E98A-ACD6-1986-755F447BE36F}
		{24FCD4C8-9195-196E-04CB-8DD2EEE20BC3} = {AF4CEEC4-771E-8C17-9355-F760DB50FB88}
		{434A8767-15E3-6B8A-A773-CFD8E3E4A353} = {24FCD4C8-9195-196E-04CB-8DD2EEE20BC3}
		{C2D20A1E-3F5F-F27A-1003-6AEAFEE9D120} = {AF4CEEC4-771E-8C17-9355-F760DB50FB88}
		{343C33B6-079B-6291-14C2-94438A2EA268} = {C2D20A1E-3F5F-F27A-1003-6AEAFEE9D120}
		{878E90BB-7972-EB94-77B2-631AEB32735C} = {C2D20A1E-3F5F-F27A-1003-6AEAFEE9D120}
		{3AC4C6E0-7A30-D026-E5DA-BE6D6966F55A} = {C2D20A1E-3F5F-F27A-1003-6AEAFEE9D120}
	EndGlobalSection
	GlobalSection(ExtensibilityGlobals) = postSolution
		SolutionGuid = {0889BD3B-1412-4816-90CF-EBBB8E611E67}
	EndGlobalSection
EndGlobal
