Microsoft Visual Studio Solution File, Format Version 12.00
# Visual Studio Version 17
VisualStudioVersion = 17.5.2.0
MinimumVisualStudioVersion = 10.0.40219.1
Project("{2150E333-8FDC-42A3-9474-1A3956D46DE8}") = "Shared", "Shared", "{4F52FD11-658E-A102-6CD3-7D7C16FFA15B}"
EndProject
Project("{2150E333-8FDC-42A3-9474-1A3956D46DE8}") = "Products", "Products", "{91DB166F-8FA8-D710-9FF9-784B929F57E0}"
EndProject
Project("{2150E333-8FDC-42A3-9474-1A3956D46DE8}") = "Core", "Core", "{FBF56CC3-7AE6-AD2D-3F14-7F97FD322CD6}"
EndProject
Project("{2150E333-8FDC-42A3-9474-1A3956D46DE8}") = "Grpc", "Grpc", "{99AA667D-2D16-554B-CBA4-141D72A65489}"
EndProject
Project("{2150E333-8FDC-42A3-9474-1A3956D46DE8}") = "src", "src", "{88DCE3A4-BFBC-4FBA-275B-317C442616B5}"
EndProject
Project("{FAE04EC0-301F-11D3-BF4B-00C04F79EFBC}") = "Datosphere.Grpc.Data.Client", "Shared\Grpc\src\Datosphere.Grpc.Data.Client\Datosphere.Grpc.Data.Client.csproj", "{4DBB4F00-1385-5435-A1A2-B747CE4D1C74}"
EndProject
Project("{FAE04EC0-301F-11D3-BF4B-00C04F79EFBC}") = "Datosphere.Grpc.Data.Server", "Shared\Grpc\src\Datosphere.Grpc.Data.Server\Datosphere.Grpc.Data.Server.csproj", "{2CBDF152-D70D-CBC5-6AF6-5E9C15B19F1A}"
EndProject
Project("{2150E333-8FDC-42A3-9474-1A3956D46DE8}") = "MeatMarket", "MeatMarket", "{CD6E101E-600E-F5E7-B1B9-F9160B770102}"
EndProject
Project("{2150E333-8FDC-42A3-9474-1A3956D46DE8}") = "App", "App", "{335DDCA9-22D3-DC57-81EA-8ACEDE716A76}"
EndProject
Project("{2150E333-8FDC-42A3-9474-1A3956D46DE8}") = "tests", "tests", "{2D5CD7F2-10C4-013D-6FFC-59CDE17E7A04}"
EndProject
Project("{FAE04EC0-301F-11D3-BF4B-00C04F79EFBC}") = "Datosphere.Tests", "Products\MeatMarket\App\tests\Datosphere.Tests\Datosphere.Tests.csproj", "{2488CA17-4F23-44D7-B115-743D2D6E8A6E}"
EndProject
Project("{2150E333-8FDC-42A3-9474-1A3956D46DE8}") = "Data", "Data", "{15531CC3-0160-1BD0-DF5E-3E696193B093}"
EndProject
Project("{2150E333-8FDC-42A3-9474-1A3956D46DE8}") = "src", "src", "{2AA98FEC-138A-027A-394C-C1BBC491437E}"
EndProject
Project("{2150E333-8FDC-42A3-9474-1A3956D46DE8}") = "execs", "execs", "{AE52898C-458D-99D8-9F71-DD56CDD6E4B3}"
EndProject
Project("{FAE04EC0-301F-11D3-BF4B-00C04F79EFBC}") = "Datosphere.DataServer.Grpc", "Core\Data\src\execs\Datosphere.DataServer.Grpc\Datosphere.DataServer.Grpc.csproj", "{2DB7528F-A124-BC1B-90A8-4169C022C59E}"
EndProject
Project("{2150E333-8FDC-42A3-9474-1A3956D46DE8}") = "libs", "libs", "{57497327-A077-9157-D13E-5A3E017BD4BC}"
EndProject
Project("{FAE04EC0-301F-11D3-BF4B-00C04F79EFBC}") = "Datosphere.DataServer.Core", "Core\Data\src\libs\Datosphere.DataServer.Core\Datosphere.DataServer.Core.csproj", "{68130A7A-A7C3-9FFF-8443-D6B98E0C141B}"
EndProject
Project("{2150E333-8FDC-42A3-9474-1A3956D46DE8}") = "src", "src", "{2BF677D6-800E-38FF-0C75-82443D793F38}"
EndProject
Project("{2150E333-8FDC-42A3-9474-1A3956D46DE8}") = "execs", "execs", "{88935977-916B-EB3E-E632-AF69796DD645}"
EndProject
Project("{FAE04EC0-301F-11D3-BF4B-00C04F79EFBC}") = "Datosphere.Web.Api", "Products\MeatMarket\App\src\execs\Datosphere.Web.Api\Datosphere.Web.Api.csproj", "{0DAEF048-192A-0B8F-D20C-EFBCE174DCE6}"
EndProject
Project("{2150E333-8FDC-42A3-9474-1A3956D46DE8}") = "libs", "libs", "{F5AB53D3-645B-7106-C3F6-5E373EAB770B}"
EndProject
Project("{FAE04EC0-301F-11D3-BF4B-00C04F79EFBC}") = "Datosphere", "Products\MeatMarket\App\src\libs\Datosphere\Datosphere.csproj", "{AAC64C16-39D9-CC98-0728-3121304B201F}"
EndProject
Project("{FAE04EC0-301F-11D3-BF4B-00C04F79EFBC}") = "Datosphere.Web.Common", "Products\MeatMarket\App\src\libs\Datosphere.Web.Common\Datosphere.Web.Common.csproj", "{5BDD96C6-C254-13AB-F728-2E078E235F85}"
EndProject
Project("{FAE04EC0-301F-11D3-BF4B-00C04F79EFBC}") = "Datosphere.Infrastructure", "Products\MeatMarket\App\src\libs\Datosphere.Infrastructure\Datosphere.Infrastructure.csproj", "{0BE0989A-6274-0F50-307F-ECC46D9DB2D2}"
EndProject
Global
	GlobalSection(SolutionConfigurationPlatforms) = preSolution
		Debug|Any CPU = Debug|Any CPU
		Release|Any CPU = Release|Any CPU
	EndGlobalSection
	GlobalSection(ProjectConfigurationPlatforms) = postSolution
		{4DBB4F00-1385-5435-A1A2-B747CE4D1C74}.Debug|Any CPU.ActiveCfg = Debug|Any CPU
		{4DBB4F00-1385-5435-A1A2-B747CE4D1C74}.Debug|Any CPU.Build.0 = Debug|Any CPU
		{4DBB4F00-1385-5435-A1A2-B747CE4D1C74}.Release|Any CPU.ActiveCfg = Release|Any CPU
		{4DBB4F00-1385-5435-A1A2-B747CE4D1C74}.Release|Any CPU.Build.0 = Release|Any CPU
		{2CBDF152-D70D-CBC5-6AF6-5E9C15B19F1A}.Debug|Any CPU.ActiveCfg = Debug|Any CPU
		{2CBDF152-D70D-CBC5-6AF6-5E9C15B19F1A}.Debug|Any CPU.Build.0 = Debug|Any CPU
		{2CBDF152-D70D-CBC5-6AF6-5E9C15B19F1A}.Release|Any CPU.ActiveCfg = Release|Any CPU
		{2CBDF152-D70D-CBC5-6AF6-5E9C15B19F1A}.Release|Any CPU.Build.0 = Release|Any CPU
		{2488CA17-4F23-44D7-B115-743D2D6E8A6E}.Debug|Any CPU.ActiveCfg = Debug|Any CPU
		{2488CA17-4F23-44D7-B115-743D2D6E8A6E}.Debug|Any CPU.Build.0 = Debug|Any CPU
		{2488CA17-4F23-44D7-B115-743D2D6E8A6E}.Release|Any CPU.ActiveCfg = Release|Any CPU
		{2488CA17-4F23-44D7-B115-743D2D6E8A6E}.Release|Any CPU.Build.0 = Release|Any CPU
		{2DB7528F-A124-BC1B-90A8-4169C022C59E}.Debug|Any CPU.ActiveCfg = Debug|Any CPU
		{2DB7528F-A124-BC1B-90A8-4169C022C59E}.Debug|Any CPU.Build.0 = Debug|Any CPU
		{2DB7528F-A124-BC1B-90A8-4169C022C59E}.Release|Any CPU.ActiveCfg = Release|Any CPU
		{2DB7528F-A124-BC1B-90A8-4169C022C59E}.Release|Any CPU.Build.0 = Release|Any CPU
		{68130A7A-A7C3-9FFF-8443-D6B98E0C141B}.Debug|Any CPU.ActiveCfg = Debug|Any CPU
		{68130A7A-A7C3-9FFF-8443-D6B98E0C141B}.Debug|Any CPU.Build.0 = Debug|Any CPU
		{68130A7A-A7C3-9FFF-8443-D6B98E0C141B}.Release|Any CPU.ActiveCfg = Release|Any CPU
		{68130A7A-A7C3-9FFF-8443-D6B98E0C141B}.Release|Any CPU.Build.0 = Release|Any CPU
		{0DAEF048-192A-0B8F-D20C-EFBCE174DCE6}.Debug|Any CPU.ActiveCfg = Debug|Any CPU
		{0DAEF048-192A-0B8F-D20C-EFBCE174DCE6}.Debug|Any CPU.Build.0 = Debug|Any CPU
		{0DAEF048-192A-0B8F-D20C-EFBCE174DCE6}.Release|Any CPU.ActiveCfg = Release|Any CPU
		{0DAEF048-192A-0B8F-D20C-EFBCE174DCE6}.Release|Any CPU.Build.0 = Release|Any CPU
		{AAC64C16-39D9-CC98-0728-3121304B201F}.Debug|Any CPU.ActiveCfg = Debug|Any CPU
		{AAC64C16-39D9-CC98-0728-3121304B201F}.Debug|Any CPU.Build.0 = Debug|Any CPU
		{AAC64C16-39D9-CC98-0728-3121304B201F}.Release|Any CPU.ActiveCfg = Release|Any CPU
		{AAC64C16-39D9-CC98-0728-3121304B201F}.Release|Any CPU.Build.0 = Release|Any CPU
		{5BDD96C6-C254-13AB-F728-2E078E235F85}.Debug|Any CPU.ActiveCfg = Debug|Any CPU
		{5BDD96C6-C254-13AB-F728-2E078E235F85}.Debug|Any CPU.Build.0 = Debug|Any CPU
		{5BDD96C6-C254-13AB-F728-2E078E235F85}.Release|Any CPU.ActiveCfg = Release|Any CPU
		{5BDD96C6-C254-13AB-F728-2E078E235F85}.Release|Any CPU.Build.0 = Release|Any CPU
		{0BE0989A-6274-0F50-307F-ECC46D9DB2D2}.Debug|Any CPU.ActiveCfg = Debug|Any CPU
		{0BE0989A-6274-0F50-307F-ECC46D9DB2D2}.Debug|Any CPU.Build.0 = Debug|Any CPU
		{0BE0989A-6274-0F50-307F-ECC46D9DB2D2}.Release|Any CPU.ActiveCfg = Release|Any CPU
		{0BE0989A-6274-0F50-307F-ECC46D9DB2D2}.Release|Any CPU.Build.0 = Release|Any CPU
	EndGlobalSection
	GlobalSection(SolutionProperties) = preSolution
		HideSolutionNode = FALSE
	EndGlobalSection
	GlobalSection(NestedProjects) = preSolution
		{99AA667D-2D16-554B-CBA4-141D72A65489} = {4F52FD11-658E-A102-6CD3-7D7C16FFA15B}
		{88DCE3A4-BFBC-4FBA-275B-317C442616B5} = {99AA667D-2D16-554B-CBA4-141D72A65489}
		{4DBB4F00-1385-5435-A1A2-B747CE4D1C74} = {88DCE3A4-BFBC-4FBA-275B-317C442616B5}
		{2CBDF152-D70D-CBC5-6AF6-5E9C15B19F1A} = {88DCE3A4-BFBC-4FBA-275B-317C442616B5}
		{CD6E101E-600E-F5E7-B1B9-F9160B770102} = {91DB166F-8FA8-D710-9FF9-784B929F57E0}
		{335DDCA9-22D3-DC57-81EA-8ACEDE716A76} = {CD6E101E-600E-F5E7-B1B9-F9160B770102}
		{2D5CD7F2-10C4-013D-6FFC-59CDE17E7A04} = {335DDCA9-22D3-DC57-81EA-8ACEDE716A76}
		{2488CA17-4F23-44D7-B115-743D2D6E8A6E} = {2D5CD7F2-10C4-013D-6FFC-59CDE17E7A04}
		{15531CC3-0160-1BD0-DF5E-3E696193B093} = {FBF56CC3-7AE6-AD2D-3F14-7F97FD322CD6}
		{2AA98FEC-138A-027A-394C-C1BBC491437E} = {15531CC3-0160-1BD0-DF5E-3E696193B093}
		{AE52898C-458D-99D8-9F71-DD56CDD6E4B3} = {2AA98FEC-138A-027A-394C-C1BBC491437E}
		{2DB7528F-A124-BC1B-90A8-4169C022C59E} = {AE52898C-458D-99D8-9F71-DD56CDD6E4B3}
		{57497327-A077-9157-D13E-5A3E017BD4BC} = {2AA98FEC-138A-027A-394C-C1BBC491437E}
		{68130A7A-A7C3-9FFF-8443-D6B98E0C141B} = {57497327-A077-9157-D13E-5A3E017BD4BC}
		{2BF677D6-800E-38FF-0C75-82443D793F38} = {335DDCA9-22D3-DC57-81EA-8ACEDE716A76}
		{88935977-916B-EB3E-E632-AF69796DD645} = {2BF677D6-800E-38FF-0C75-82443D793F38}
		{0DAEF048-192A-0B8F-D20C-EFBCE174DCE6} = {88935977-916B-EB3E-E632-AF69796DD645}
		{F5AB53D3-645B-7106-C3F6-5E373EAB770B} = {2BF677D6-800E-38FF-0C75-82443D793F38}
		{AAC64C16-39D9-CC98-0728-3121304B201F} = {F5AB53D3-645B-7106-C3F6-5E373EAB770B}
		{5BDD96C6-C254-13AB-F728-2E078E235F85} = {F5AB53D3-645B-7106-C3F6-5E373EAB770B}
		{0BE0989A-6274-0F50-307F-ECC46D9DB2D2} = {F5AB53D3-645B-7106-C3F6-5E373EAB770B}
	EndGlobalSection
	GlobalSection(ExtensibilityGlobals) = postSolution
		SolutionGuid = {608ECAEE-DA47-4564-8626-94EEB1A7C497}
	EndGlobalSection
EndGlobal
